{
  "name": "Aula 03 Email",
  "lockfileVersion": 2,
  "requires": true,
  "packages": {
    "": {
      "dependencies": {
        "@types/nodemailer": "^6.4.6",
        "nodemailer": "^6.7.8"
      }
    },
    "node_modules/@types/node": {
      "version": "18.7.18",
      "resolved": "https://registry.npmjs.org/@types/node/-/node-18.7.18.tgz",
      "integrity": "sha512-m+6nTEOadJZuTPkKR/SYK3A2d7FZrgElol9UP1Kae90VVU4a6mxnPuLiIW1m4Cq4gZ/nWb9GrdVXJCoCazDAbg=="
    },
    "node_modules/@types/nodemailer": {
      "version": "6.4.6",
      "resolved": "https://registry.npmjs.org/@types/nodemailer/-/nodemailer-6.4.6.tgz",
      "integrity": "sha512-pD6fL5GQtUKvD2WnPmg5bC2e8kWCAPDwMPmHe/ohQbW+Dy0EcHgZ2oCSuPlWNqk74LS5BVMig1SymQbFMPPK3w==",
      "dependencies": {
        "@types/node": "*"
      }
    },
    "node_modules/nodemailer": {
      "version": "6.7.8",
      "resolved": "https://registry.npmjs.org/nodemailer/-/nodemailer-6.7.8.tgz",
      "integrity": "sha512-2zaTFGqZixVmTxpJRCFC+Vk5eGRd/fYtvIR+dl5u9QXLTQWGIf48x/JXvo58g9sa0bU6To04XUv554Paykum3g==",
      "engines": {
        "node": ">=6.0.0"
      }
    }
  },
  "dependencies": {
    "@types/node": {
      "version": "18.7.18",
      "resolved": "https://registry.npmjs.org/@types/node/-/node-18.7.18.tgz",
      "integrity": "sha512-m+6nTEOadJZuTPkKR/SYK3A2d7FZrgElol9UP1Kae90VVU4a6mxnPuLiIW1m4Cq4gZ/nWb9GrdVXJCoCazDAbg=="
    },
    "@types/nodemailer": {
      "version": "6.4.6",
      "resolved": "https://registry.npmjs.org/@types/nodemailer/-/nodemailer-6.4.6.tgz",
      "integrity": "sha512-pD6fL5GQtUKvD2WnPmg5bC2e8kWCAPDwMPmHe/ohQbW+Dy0EcHgZ2oCSuPlWNqk74LS5BVMig1SymQbFMPPK3w==",
      "requires": {
        "@types/node": "*"
      }
    },
    "nodemailer": {
      "version": "6.7.8",
      "resolved": "https://registry.npmjs.org/nodemailer/-/nodemailer-6.7.8.tgz",
      "integrity": "sha512-2zaTFGqZixVmTxpJRCFC+Vk5eGRd/fYtvIR+dl5u9QXLTQWGIf48x/JXvo58g9sa0bU6To04XUv554Paykum3g=="
    }
  }
}
